
Microsoft Visual Studio Solution File, Format Version 12.00
# Visual Studio Version 17
VisualStudioVersion = 17.9.34616.47
MinimumVisualStudioVersion = 10.0.40219.1
Project("{8BC9CEB8-8B4A-11D0-8D11-00A0C91BC942}") = "PemrogramanDasar2304", "PemrogramanDasar2304\PemrogramanDasar2304.vcxproj", "{4770DAFC-F8E1-4A87-B034-9DDF4AE07FDD}"
EndProject
Project("{8BC9CEB8-8B4A-11D0-8D11-00A0C91BC942}") = "OOP", "OOP\OOP.vcxproj", "{BFC6F3F7-B526-4EA6-9AB8-686A131247DD}"
EndProject
Global
	GlobalSection(SolutionConfigurationPlatforms) = preSolution
		Debug|x64 = Debug|x64
		Debug|x86 = Debug|x86
		Release|x64 = Release|x64
		Release|x86 = Release|x86
	EndGlobalSection
	GlobalSection(ProjectConfigurationPlatforms) = postSolution
		{4770DAFC-F8E1-4A87-B034-9DDF4AE07FDD}.Debug|x64.ActiveCfg = Debug|x64
		{4770DAFC-F8E1-4A87-B034-9DDF4AE07FDD}.Debug|x64.Build.0 = Debug|x64
		{4770DAFC-F8E1-4A87-B034-9DDF4AE07FDD}.Debug|x86.ActiveCfg = Debug|Win32
		{4770DAFC-F8E1-4A87-B034-9DDF4AE07FDD}.Debug|x86.Build.0 = Debug|Win32
		{4770DAFC-F8E1-4A87-B034-9DDF4AE07FDD}.Release|x64.ActiveCfg = Release|x64
		{4770DAFC-F8E1-4A87-B034-9DDF4AE07FDD}.Release|x64.Build.0 = Release|x64
		{4770DAFC-F8E1-4A87-B034-9DDF4AE07FDD}.Release|x86.ActiveCfg = Release|Win32
		{4770DAFC-F8E1-4A87-B034-9DDF4AE07FDD}.Release|x86.Build.0 = Release|Win32
		{BFC6F3F7-B526-4EA6-9AB8-686A131247DD}.Debug|x64.ActiveCfg = Debug|x64
		{BFC6F3F7-B526-4EA6-9AB8-686A131247DD}.Debug|x64.Build.0 = Debug|x64
		{BFC6F3F7-B526-4EA6-9AB8-686A131247DD}.Debug|x86.ActiveCfg = Debug|Win32
		{BFC6F3F7-B526-4EA6-9AB8-686A131247DD}.Debug|x86.Build.0 = Debug|Win32
		{BFC6F3F7-B526-4EA6-9AB8-686A131247DD}.Release|x64.ActiveCfg = Release|x64
		{BFC6F3F7-B526-4EA6-9AB8-686A131247DD}.Release|x64.Build.0 = Release|x64
		{BFC6F3F7-B526-4EA6-9AB8-686A131247DD}.Release|x86.ActiveCfg = Release|Win32
		{BFC6F3F7-B526-4EA6-9AB8-686A131247DD}.Release|x86.Build.0 = Release|Win32
	EndGlobalSection
	GlobalSection(SolutionProperties) = preSolution
		HideSolutionNode = FALSE
	EndGlobalSection
	GlobalSection(ExtensibilityGlobals) = postSolution
		SolutionGuid = {73B8C8F1-A70A-45EB-AF76-4AEF4F59F795}
	EndGlobalSection
EndGlobal
